{
  "object": {
    "pins": [
      {
        "package": "Bond",
        "repositoryURL": "https://github.com/DeclarativeHub/Bond.git",
        "state": {
          "branch": null,
          "revision": "146943c0bc03a93c48fb6c57db4e39f4b38ba74b",
          "version": "7.8.1"
        }
      },
      {
        "package": "Cache",
        "repositoryURL": "https://github.com/hyperoslo/Cache",
        "state": {
          "branch": null,
          "revision": "c7f4d633049c3bd649a353bad36f6c17e9df085f",
          "version": "6.0.0"
        }
      },
      {
        "package": "Differ",
        "repositoryURL": "https://github.com/tonyarnold/Differ.git",
        "state": {
          "branch": null,
          "revision": "4c3eb4d76ad5c14075829397a5741b0badb08dce",
          "version": "1.4.5"
        }
      },
      {
        "package": "Fuse",
        "repositoryURL": "https://github.com/LambdaDigamma/fuse-swift",
        "state": {
          "branch": null,
          "revision": "a1f44a59d94393f7461745ccc977b5005c8438a5",
          "version": "1.4.2"
        }
      },
      {
        "package": "Gestalt",
        "repositoryURL": "https://github.com/regexident/Gestalt",
        "state": {
          "branch": null,
          "revision": "6469230fb1b81ea449312a855b410425030b287e",
          "version": "2.1.1"
        }
      },
      {
        "package": "Haneke",
        "repositoryURL": "https://github.com/LambdaDigamma/HanekeSwift",
        "state": {
          "branch": null,
          "revision": "6dd6a8fb7cfa9b245cd7a8cab688a8f2cecb9d15",
          "version": "0.14.0"
        }
      },
      {
        "package": "Ink",
        "repositoryURL": "https://github.com/johnsundell/ink.git",
        "state": {
          "branch": null,
          "revision": "bd223a2482449507bd3286cb262c962d32d81e4b",
          "version": "0.5.0"
        }
      },
      {
        "package": "Kingfisher",
        "repositoryURL": "https://github.com/onevcat/Kingfisher",
        "state": {
          "branch": null,
          "revision": "1a0c2df04b31ed7aa318354f3583faea24f006fc",
          "version": "5.15.8"
        }
      },
      {
        "package": "MMAPI",
        "repositoryURL": "https://github.com/LambdaDigamma/mmapi-ios",
        "state": {
          "branch": null,
          "revision": "17a459b9277b5a86e18cbbfed9da059c3416f9ca",
          "version": "0.2.1"
        }
      },
      {
        "package": "MMCommon",
        "repositoryURL": "https://github.com/lambdadigamma/mmcommon-ios",
        "state": {
          "branch": null,
          "revision": "d1ab76ad0316dcf58a23196f69ec07e2f8ba6702",
          "version": "0.0.1"
        }
      },
      {
        "package": "MMPages",
        "repositoryURL": "https://github.com/lambdadigamma/mmpages-ios",
        "state": {
          "branch": null,
          "revision": "7cf7700084b11fcb605d36e7f0373894ef62a55b",
          "version": "0.0.2"
        }
      },
      {
        "package": "MMUI",
        "repositoryURL": "https://github.com/LambdaDigamma/mmui-ios",
        "state": {
          "branch": null,
          "revision": "927e051fc527ee276da179c96909eec126a20ecb",
          "version": "0.2.1"
        }
      },
      {
        "package": "ModernNetworking",
        "repositoryURL": "https://github.com/lambdadigamma/modernnetworking",
        "state": {
          "branch": null,
          "revision": "758c3f92475ca504b78ff6ac15d616be7f6a2aa5",
          "version": "0.1.1"
        }
      },
      {
        "package": "Reachability",
        "repositoryURL": "https://github.com/ashleymills/Reachability.swift.git",
        "state": {
          "branch": null,
          "revision": "6c8652a8ea35a64cf36367d07b3d6e5e6a24b272",
          "version": "4.3.1"
        }
      },
      {
        "package": "ReactiveKit",
        "repositoryURL": "https://github.com/DeclarativeHub/ReactiveKit.git",
        "state": {
          "branch": null,
          "revision": "5b167a3fa7288395cfcba23dac84489b01d3b2f0",
          "version": "3.18.1"
        }
      },
      {
        "package": "Resolver",
        "repositoryURL": "https://github.com/hmlongco/Resolver",
        "state": {
          "branch": null,
          "revision": "e0bcbc721818328c192a1eb22c6a6ca48029e550",
          "version": "1.4.1"
        }
      },
      {
        "package": "SwiftCSV",
        "repositoryURL": "https://github.com/swiftcsv/SwiftCSV",
        "state": {
          "branch": null,
          "revision": "ad2042d0ba2ea260246b0e1b1d5710cbc53e2836",
          "version": "0.6.0"
        }
      }
    ]
  },
  "version": 1
}
